
Microsoft Visual Studio Solution File, Format Version 12.00
# Visual Studio 14
VisualStudioVersion = 14.0.23107.0
MinimumVisualStudioVersion = 10.0.40219.1
Project("{8BC9CEB8-8B4A-11D0-8D11-00A0C91BC942}") = "unique-binary-search-trees-ii", "unique-binary-search-trees-ii\unique-binary-search-trees-ii.vcxproj", "{4112AF02-DEA6-43C1-9043-B2DD86B2E6AF}"
EndProject
Project("{8BC9CEB8-8B4A-11D0-8D11-00A0C91BC942}") = "reverse-linked-list-ii", "reverse-linked-list-ii\reverse-linked-list-ii.vcxproj", "{BAD353E0-13E3-4D7B-A078-8CB0251A3BE2}"
EndProject
Project("{8BC9CEB8-8B4A-11D0-8D11-00A0C91BC942}") = "search-in-rotated-sorted-array", "search-in-rotated-sorted-array\search-in-rotated-sorted-array.vcxproj", "{126E2B66-0197-4A6F-8CB6-87A275834216}"
EndProject
Project("{8BC9CEB8-8B4A-11D0-8D11-00A0C91BC942}") = "search-in-rotated-sorted-array-ii", "search-in-rotated-sorted-array-ii\search-in-rotated-sorted-array-ii.vcxproj", "{145BC923-EDBF-4658-8F47-BF4C389E8D66}"
EndProject
Project("{8BC9CEB8-8B4A-11D0-8D11-00A0C91BC942}") = "jump-game-ii", "jump-game-ii\jump-game-ii.vcxproj", "{D91E763E-CA7E-4CCB-9F11-3C11BFEAE0FF}"
EndProject
Project("{8BC9CEB8-8B4A-11D0-8D11-00A0C91BC942}") = "path-sum", "path-sum\path-sum.vcxproj", "{AD95FC71-7879-48FE-819F-ABC676BE41D1}"
EndProject
Project("{8BC9CEB8-8B4A-11D0-8D11-00A0C91BC942}") = "path-sum-ii", "path-sum-ii\path-sum-ii.vcxproj", "{5F094468-2A94-40AE-84D9-291E33AAAD86}"
EndProject
Project("{8BC9CEB8-8B4A-11D0-8D11-00A0C91BC942}") = "first-bad-version", "first-bad-version\first-bad-version.vcxproj", "{AD641D6F-B079-49B4-A6A4-AF1BDEB1C78D}"
EndProject
Project("{8BC9CEB8-8B4A-11D0-8D11-00A0C91BC942}") = "search-for-a-range", "search-for-a-range\search-for-a-range.vcxproj", "{779C229A-2611-4181-9C60-3A8E25229BDD}"
EndProject
Project("{8BC9CEB8-8B4A-11D0-8D11-00A0C91BC942}") = "combination-sum-iii", "combination-sum-iii\combination-sum-iii.vcxproj", "{CD1E7F58-5A5D-4392-B6ED-02FC40AC807C}"
EndProject
Project("{8BC9CEB8-8B4A-11D0-8D11-00A0C91BC942}") = "combination-sum", "combination-sum\combination-sum.vcxproj", "{2FB11684-D03D-4EED-ADC2-ED3A59EC09EC}"
EndProject
Project("{8BC9CEB8-8B4A-11D0-8D11-00A0C91BC942}") = "combination-sum-ii", "combination-sum-ii\combination-sum-ii.vcxproj", "{531BABA6-34FF-42F9-9369-8427177FFB02}"
EndProject
Project("{8BC9CEB8-8B4A-11D0-8D11-00A0C91BC942}") = "merge-sorted-array", "merge-sorted-array\merge-sorted-array.vcxproj", "{E61F1A64-8406-4347-8CC6-61C24124920A}"
EndProject
Project("{8BC9CEB8-8B4A-11D0-8D11-00A0C91BC942}") = "binary-tree-maximum-path-sum", "binary-tree-maximum-path-sum\binary-tree-maximum-path-sum.vcxproj", "{B2EAE576-8EE7-48F7-9E53-D741A7F8D8F6}"
EndProject
Global
	GlobalSection(SolutionConfigurationPlatforms) = preSolution
		Debug|x64 = Debug|x64
		Debug|x86 = Debug|x86
		Release|x64 = Release|x64
		Release|x86 = Release|x86
	EndGlobalSection
	GlobalSection(ProjectConfigurationPlatforms) = postSolution
		{4112AF02-DEA6-43C1-9043-B2DD86B2E6AF}.Debug|x64.ActiveCfg = Debug|x64
		{4112AF02-DEA6-43C1-9043-B2DD86B2E6AF}.Debug|x64.Build.0 = Debug|x64
		{4112AF02-DEA6-43C1-9043-B2DD86B2E6AF}.Debug|x86.ActiveCfg = Debug|Win32
		{4112AF02-DEA6-43C1-9043-B2DD86B2E6AF}.Debug|x86.Build.0 = Debug|Win32
		{4112AF02-DEA6-43C1-9043-B2DD86B2E6AF}.Release|x64.ActiveCfg = Release|x64
		{4112AF02-DEA6-43C1-9043-B2DD86B2E6AF}.Release|x64.Build.0 = Release|x64
		{4112AF02-DEA6-43C1-9043-B2DD86B2E6AF}.Release|x86.ActiveCfg = Release|Win32
		{4112AF02-DEA6-43C1-9043-B2DD86B2E6AF}.Release|x86.Build.0 = Release|Win32
		{BAD353E0-13E3-4D7B-A078-8CB0251A3BE2}.Debug|x64.ActiveCfg = Debug|x64
		{BAD353E0-13E3-4D7B-A078-8CB0251A3BE2}.Debug|x64.Build.0 = Debug|x64
		{BAD353E0-13E3-4D7B-A078-8CB0251A3BE2}.Debug|x86.ActiveCfg = Debug|Win32
		{BAD353E0-13E3-4D7B-A078-8CB0251A3BE2}.Debug|x86.Build.0 = Debug|Win32
		{BAD353E0-13E3-4D7B-A078-8CB0251A3BE2}.Release|x64.ActiveCfg = Release|x64
		{BAD353E0-13E3-4D7B-A078-8CB0251A3BE2}.Release|x64.Build.0 = Release|x64
		{BAD353E0-13E3-4D7B-A078-8CB0251A3BE2}.Release|x86.ActiveCfg = Release|Win32
		{BAD353E0-13E3-4D7B-A078-8CB0251A3BE2}.Release|x86.Build.0 = Release|Win32
		{126E2B66-0197-4A6F-8CB6-87A275834216}.Debug|x64.ActiveCfg = Debug|x64
		{126E2B66-0197-4A6F-8CB6-87A275834216}.Debug|x64.Build.0 = Debug|x64
		{126E2B66-0197-4A6F-8CB6-87A275834216}.Debug|x86.ActiveCfg = Debug|Win32
		{126E2B66-0197-4A6F-8CB6-87A275834216}.Debug|x86.Build.0 = Debug|Win32
		{126E2B66-0197-4A6F-8CB6-87A275834216}.Release|x64.ActiveCfg = Release|x64
		{126E2B66-0197-4A6F-8CB6-87A275834216}.Release|x64.Build.0 = Release|x64
		{126E2B66-0197-4A6F-8CB6-87A275834216}.Release|x86.ActiveCfg = Release|Win32
		{126E2B66-0197-4A6F-8CB6-87A275834216}.Release|x86.Build.0 = Release|Win32
		{145BC923-EDBF-4658-8F47-BF4C389E8D66}.Debug|x64.ActiveCfg = Debug|x64
		{145BC923-EDBF-4658-8F47-BF4C389E8D66}.Debug|x64.Build.0 = Debug|x64
		{145BC923-EDBF-4658-8F47-BF4C389E8D66}.Debug|x86.ActiveCfg = Debug|Win32
		{145BC923-EDBF-4658-8F47-BF4C389E8D66}.Debug|x86.Build.0 = Debug|Win32
		{145BC923-EDBF-4658-8F47-BF4C389E8D66}.Release|x64.ActiveCfg = Release|x64
		{145BC923-EDBF-4658-8F47-BF4C389E8D66}.Release|x64.Build.0 = Release|x64
		{145BC923-EDBF-4658-8F47-BF4C389E8D66}.Release|x86.ActiveCfg = Release|Win32
		{145BC923-EDBF-4658-8F47-BF4C389E8D66}.Release|x86.Build.0 = Release|Win32
		{D91E763E-CA7E-4CCB-9F11-3C11BFEAE0FF}.Debug|x64.ActiveCfg = Debug|x64
		{D91E763E-CA7E-4CCB-9F11-3C11BFEAE0FF}.Debug|x64.Build.0 = Debug|x64
		{D91E763E-CA7E-4CCB-9F11-3C11BFEAE0FF}.Debug|x86.ActiveCfg = Debug|Win32
		{D91E763E-CA7E-4CCB-9F11-3C11BFEAE0FF}.Debug|x86.Build.0 = Debug|Win32
		{D91E763E-CA7E-4CCB-9F11-3C11BFEAE0FF}.Release|x64.ActiveCfg = Release|x64
		{D91E763E-CA7E-4CCB-9F11-3C11BFEAE0FF}.Release|x64.Build.0 = Release|x64
		{D91E763E-CA7E-4CCB-9F11-3C11BFEAE0FF}.Release|x86.ActiveCfg = Release|Win32
		{D91E763E-CA7E-4CCB-9F11-3C11BFEAE0FF}.Release|x86.Build.0 = Release|Win32
		{AD95FC71-7879-48FE-819F-ABC676BE41D1}.Debug|x64.ActiveCfg = Debug|x64
		{AD95FC71-7879-48FE-819F-ABC676BE41D1}.Debug|x64.Build.0 = Debug|x64
		{AD95FC71-7879-48FE-819F-ABC676BE41D1}.Debug|x86.ActiveCfg = Debug|Win32
		{AD95FC71-7879-48FE-819F-ABC676BE41D1}.Debug|x86.Build.0 = Debug|Win32
		{AD95FC71-7879-48FE-819F-ABC676BE41D1}.Release|x64.ActiveCfg = Release|x64
		{AD95FC71-7879-48FE-819F-ABC676BE41D1}.Release|x64.Build.0 = Release|x64
		{AD95FC71-7879-48FE-819F-ABC676BE41D1}.Release|x86.ActiveCfg = Release|Win32
		{AD95FC71-7879-48FE-819F-ABC676BE41D1}.Release|x86.Build.0 = Release|Win32
		{5F094468-2A94-40AE-84D9-291E33AAAD86}.Debug|x64.ActiveCfg = Debug|x64
		{5F094468-2A94-40AE-84D9-291E33AAAD86}.Debug|x64.Build.0 = Debug|x64
		{5F094468-2A94-40AE-84D9-291E33AAAD86}.Debug|x86.ActiveCfg = Debug|Win32
		{5F094468-2A94-40AE-84D9-291E33AAAD86}.Debug|x86.Build.0 = Debug|Win32
		{5F094468-2A94-40AE-84D9-291E33AAAD86}.Release|x64.ActiveCfg = Release|x64
		{5F094468-2A94-40AE-84D9-291E33AAAD86}.Release|x64.Build.0 = Release|x64
		{5F094468-2A94-40AE-84D9-291E33AAAD86}.Release|x86.ActiveCfg = Release|Win32
		{5F094468-2A94-40AE-84D9-291E33AAAD86}.Release|x86.Build.0 = Release|Win32
		{AD641D6F-B079-49B4-A6A4-AF1BDEB1C78D}.Debug|x64.ActiveCfg = Debug|x64
		{AD641D6F-B079-49B4-A6A4-AF1BDEB1C78D}.Debug|x64.Build.0 = Debug|x64
		{AD641D6F-B079-49B4-A6A4-AF1BDEB1C78D}.Debug|x86.ActiveCfg = Debug|Win32
		{AD641D6F-B079-49B4-A6A4-AF1BDEB1C78D}.Debug|x86.Build.0 = Debug|Win32
		{AD641D6F-B079-49B4-A6A4-AF1BDEB1C78D}.Release|x64.ActiveCfg = Release|x64
		{AD641D6F-B079-49B4-A6A4-AF1BDEB1C78D}.Release|x64.Build.0 = Release|x64
		{AD641D6F-B079-49B4-A6A4-AF1BDEB1C78D}.Release|x86.ActiveCfg = Release|Win32
		{AD641D6F-B079-49B4-A6A4-AF1BDEB1C78D}.Release|x86.Build.0 = Release|Win32
		{779C229A-2611-4181-9C60-3A8E25229BDD}.Debug|x64.ActiveCfg = Debug|x64
		{779C229A-2611-4181-9C60-3A8E25229BDD}.Debug|x64.Build.0 = Debug|x64
		{779C229A-2611-4181-9C60-3A8E25229BDD}.Debug|x86.ActiveCfg = Debug|Win32
		{779C229A-2611-4181-9C60-3A8E25229BDD}.Debug|x86.Build.0 = Debug|Win32
		{779C229A-2611-4181-9C60-3A8E25229BDD}.Release|x64.ActiveCfg = Release|x64
		{779C229A-2611-4181-9C60-3A8E25229BDD}.Release|x64.Build.0 = Release|x64
		{779C229A-2611-4181-9C60-3A8E25229BDD}.Release|x86.ActiveCfg = Release|Win32
		{779C229A-2611-4181-9C60-3A8E25229BDD}.Release|x86.Build.0 = Release|Win32
		{CD1E7F58-5A5D-4392-B6ED-02FC40AC807C}.Debug|x64.ActiveCfg = Debug|x64
		{CD1E7F58-5A5D-4392-B6ED-02FC40AC807C}.Debug|x64.Build.0 = Debug|x64
		{CD1E7F58-5A5D-4392-B6ED-02FC40AC807C}.Debug|x86.ActiveCfg = Debug|Win32
		{CD1E7F58-5A5D-4392-B6ED-02FC40AC807C}.Debug|x86.Build.0 = Debug|Win32
		{CD1E7F58-5A5D-4392-B6ED-02FC40AC807C}.Release|x64.ActiveCfg = Release|x64
		{CD1E7F58-5A5D-4392-B6ED-02FC40AC807C}.Release|x64.Build.0 = Release|x64
		{CD1E7F58-5A5D-4392-B6ED-02FC40AC807C}.Release|x86.ActiveCfg = Release|Win32
		{CD1E7F58-5A5D-4392-B6ED-02FC40AC807C}.Release|x86.Build.0 = Release|Win32
		{2FB11684-D03D-4EED-ADC2-ED3A59EC09EC}.Debug|x64.ActiveCfg = Debug|x64
		{2FB11684-D03D-4EED-ADC2-ED3A59EC09EC}.Debug|x64.Build.0 = Debug|x64
		{2FB11684-D03D-4EED-ADC2-ED3A59EC09EC}.Debug|x86.ActiveCfg = Debug|Win32
		{2FB11684-D03D-4EED-ADC2-ED3A59EC09EC}.Debug|x86.Build.0 = Debug|Win32
		{2FB11684-D03D-4EED-ADC2-ED3A59EC09EC}.Release|x64.ActiveCfg = Release|x64
		{2FB11684-D03D-4EED-ADC2-ED3A59EC09EC}.Release|x64.Build.0 = Release|x64
		{2FB11684-D03D-4EED-ADC2-ED3A59EC09EC}.Release|x86.ActiveCfg = Release|Win32
		{2FB11684-D03D-4EED-ADC2-ED3A59EC09EC}.Release|x86.Build.0 = Release|Win32
		{531BABA6-34FF-42F9-9369-8427177FFB02}.Debug|x64.ActiveCfg = Debug|x64
		{531BABA6-34FF-42F9-9369-8427177FFB02}.Debug|x64.Build.0 = Debug|x64
		{531BABA6-34FF-42F9-9369-8427177FFB02}.Debug|x86.ActiveCfg = Debug|Win32
		{531BABA6-34FF-42F9-9369-8427177FFB02}.Debug|x86.Build.0 = Debug|Win32
		{531BABA6-34FF-42F9-9369-8427177FFB02}.Release|x64.ActiveCfg = Release|x64
		{531BABA6-34FF-42F9-9369-8427177FFB02}.Release|x64.Build.0 = Release|x64
		{531BABA6-34FF-42F9-9369-8427177FFB02}.Release|x86.ActiveCfg = Release|Win32
		{531BABA6-34FF-42F9-9369-8427177FFB02}.Release|x86.Build.0 = Release|Win32
		{E61F1A64-8406-4347-8CC6-61C24124920A}.Debug|x64.ActiveCfg = Debug|x64
		{E61F1A64-8406-4347-8CC6-61C24124920A}.Debug|x64.Build.0 = Debug|x64
		{E61F1A64-8406-4347-8CC6-61C24124920A}.Debug|x86.ActiveCfg = Debug|Win32
		{E61F1A64-8406-4347-8CC6-61C24124920A}.Debug|x86.Build.0 = Debug|Win32
		{E61F1A64-8406-4347-8CC6-61C24124920A}.Release|x64.ActiveCfg = Release|x64
		{E61F1A64-8406-4347-8CC6-61C24124920A}.Release|x64.Build.0 = Release|x64
		{E61F1A64-8406-4347-8CC6-61C24124920A}.Release|x86.ActiveCfg = Release|Win32
		{E61F1A64-8406-4347-8CC6-61C24124920A}.Release|x86.Build.0 = Release|Win32
		{B2EAE576-8EE7-48F7-9E53-D741A7F8D8F6}.Debug|x64.ActiveCfg = Debug|x64
		{B2EAE576-8EE7-48F7-9E53-D741A7F8D8F6}.Debug|x64.Build.0 = Debug|x64
		{B2EAE576-8EE7-48F7-9E53-D741A7F8D8F6}.Debug|x86.ActiveCfg = Debug|Win32
		{B2EAE576-8EE7-48F7-9E53-D741A7F8D8F6}.Debug|x86.Build.0 = Debug|Win32
		{B2EAE576-8EE7-48F7-9E53-D741A7F8D8F6}.Release|x64.ActiveCfg = Release|x64
		{B2EAE576-8EE7-48F7-9E53-D741A7F8D8F6}.Release|x64.Build.0 = Release|x64
		{B2EAE576-8EE7-48F7-9E53-D741A7F8D8F6}.Release|x86.ActiveCfg = Release|Win32
		{B2EAE576-8EE7-48F7-9E53-D741A7F8D8F6}.Release|x86.Build.0 = Release|Win32
	EndGlobalSection
	GlobalSection(SolutionProperties) = preSolution
		HideSolutionNode = FALSE
	EndGlobalSection
EndGlobal
